// !$*UTF8*$!
{
	archiveVersion = 1;
	classes = {
	};
	objectVersion = 77;
	objects = {

/* Begin PBXBuildFile section */
		3F0A607E2CB0670600327D97 /* RswiftLibrary in Frameworks */ = {isa = PBXBuildFile; productRef = 3F0A607D2CB0670600327D97 /* RswiftLibrary */; };
		3F0A60862CB06CFA00327D97 /* AppStyle.swift in Sources */ = {isa = PBXBuildFile; fileRef = 3F0A60852CB06CFA00327D97 /* AppStyle.swift */; };
		3F0A608C2CB0711300327D97 /* String+Extension.swift in Sources */ = {isa = PBXBuildFile; fileRef = 3F0A608B2CB0711300327D97 /* String+Extension.swift */; };
		3F158A0D2CB0601D00FB82F1 /* Preview Assets.xcassets in Resources */ = {isa = PBXBuildFile; fileRef = 3F1589FE2CB0601D00FB82F1 /* Preview Assets.xcassets */; };
		3F158A0E2CB0601D00FB82F1 /* AvenirNext-Bold.ttf in Resources */ = {isa = PBXBuildFile; fileRef = 3F158A002CB0601D00FB82F1 /* AvenirNext-Bold.ttf */; };
		3F158A0F2CB0601D00FB82F1 /* AvenirNext-DemiBold.ttf in Resources */ = {isa = PBXBuildFile; fileRef = 3F158A012CB0601D00FB82F1 /* AvenirNext-DemiBold.ttf */; };
		3F158A102CB0601D00FB82F1 /* AvenirNext-Medium.ttf in Resources */ = {isa = PBXBuildFile; fileRef = 3F158A022CB0601D00FB82F1 /* AvenirNext-Medium.ttf */; };
		3F158A112CB0601D00FB82F1 /* AvenirNext-Regular.ttf in Resources */ = {isa = PBXBuildFile; fileRef = 3F158A032CB0601D00FB82F1 /* AvenirNext-Regular.ttf */; };
		3F158A122CB0601D00FB82F1 /* Colors.xcassets in Resources */ = {isa = PBXBuildFile; fileRef = 3F158A052CB0601D00FB82F1 /* Colors.xcassets */; };
		3F158A132CB0601D00FB82F1 /* Localizable.xcstrings in Resources */ = {isa = PBXBuildFile; fileRef = 3F158A062CB0601D00FB82F1 /* Localizable.xcstrings */; };
		3F158A142CB0601D00FB82F1 /* Assets.xcassets in Resources */ = {isa = PBXBuildFile; fileRef = 3F158A082CB0601D00FB82F1 /* Assets.xcassets */; };
		3F158A162CB0601D00FB82F1 /* ContentView.swift in Sources */ = {isa = PBXBuildFile; fileRef = 3F158A092CB0601D00FB82F1 /* ContentView.swift */; };
		3F158A172CB0601D00FB82F1 /* tripManagerApp.swift in Sources */ = {isa = PBXBuildFile; fileRef = 3F158A0B2CB0601D00FB82F1 /* tripManagerApp.swift */; };
		3F158A1A2CB0602400FB82F1 /* tripManagerTests.swift in Sources */ = {isa = PBXBuildFile; fileRef = 3F158A182CB0602400FB82F1 /* tripManagerTests.swift */; };
		3F158A1E2CB0602800FB82F1 /* tripManagerUITests.swift in Sources */ = {isa = PBXBuildFile; fileRef = 3F158A1B2CB0602800FB82F1 /* tripManagerUITests.swift */; };
		3F158A1F2CB0602800FB82F1 /* tripManagerUITestsLaunchTests.swift in Sources */ = {isa = PBXBuildFile; fileRef = 3F158A1C2CB0602800FB82F1 /* tripManagerUITestsLaunchTests.swift */; };
/* End PBXBuildFile section */

/* Begin PBXContainerItemProxy section */
		3F926EB42CAF2593005C8307 /* PBXContainerItemProxy */ = {
			isa = PBXContainerItemProxy;
			containerPortal = 3F926E9B2CAF2592005C8307 /* Project object */;
			proxyType = 1;
			remoteGlobalIDString = 3F926EA22CAF2592005C8307;
			remoteInfo = tripManager;
		};
		3F926EBE2CAF2593005C8307 /* PBXContainerItemProxy */ = {
			isa = PBXContainerItemProxy;
			containerPortal = 3F926E9B2CAF2592005C8307 /* Project object */;
			proxyType = 1;
			remoteGlobalIDString = 3F926EA22CAF2592005C8307;
			remoteInfo = tripManager;
		};
/* End PBXContainerItemProxy section */

/* Begin PBXFileReference section */
		3F0A60852CB06CFA00327D97 /* AppStyle.swift */ = {isa = PBXFileReference; lastKnownFileType = sourcecode.swift; path = AppStyle.swift; sourceTree = "<group>"; };
		3F0A608B2CB0711300327D97 /* String+Extension.swift */ = {isa = PBXFileReference; lastKnownFileType = sourcecode.swift; path = "String+Extension.swift"; sourceTree = "<group>"; };
		3F1589FE2CB0601D00FB82F1 /* Preview Assets.xcassets */ = {isa = PBXFileReference; lastKnownFileType = folder.assetcatalog; path = "Preview Assets.xcassets"; sourceTree = "<group>"; };
		3F158A002CB0601D00FB82F1 /* AvenirNext-Bold.ttf */ = {isa = PBXFileReference; lastKnownFileType = file; path = "AvenirNext-Bold.ttf"; sourceTree = "<group>"; };
		3F158A012CB0601D00FB82F1 /* AvenirNext-DemiBold.ttf */ = {isa = PBXFileReference; lastKnownFileType = file; path = "AvenirNext-DemiBold.ttf"; sourceTree = "<group>"; };
		3F158A022CB0601D00FB82F1 /* AvenirNext-Medium.ttf */ = {isa = PBXFileReference; lastKnownFileType = file; path = "AvenirNext-Medium.ttf"; sourceTree = "<group>"; };
		3F158A032CB0601D00FB82F1 /* AvenirNext-Regular.ttf */ = {isa = PBXFileReference; lastKnownFileType = file; path = "AvenirNext-Regular.ttf"; sourceTree = "<group>"; };
		3F158A052CB0601D00FB82F1 /* Colors.xcassets */ = {isa = PBXFileReference; lastKnownFileType = folder.assetcatalog; path = Colors.xcassets; sourceTree = "<group>"; };
		3F158A062CB0601D00FB82F1 /* Localizable.xcstrings */ = {isa = PBXFileReference; lastKnownFileType = text.json.xcstrings; path = Localizable.xcstrings; sourceTree = "<group>"; };
		3F158A082CB0601D00FB82F1 /* Assets.xcassets */ = {isa = PBXFileReference; lastKnownFileType = folder.assetcatalog; path = Assets.xcassets; sourceTree = "<group>"; };
		3F158A092CB0601D00FB82F1 /* ContentView.swift */ = {isa = PBXFileReference; lastKnownFileType = sourcecode.swift; path = ContentView.swift; sourceTree = "<group>"; };
		3F158A0A2CB0601D00FB82F1 /* Info.plist */ = {isa = PBXFileReference; lastKnownFileType = text.plist.xml; path = Info.plist; sourceTree = "<group>"; };
		3F158A0B2CB0601D00FB82F1 /* tripManagerApp.swift */ = {isa = PBXFileReference; lastKnownFileType = sourcecode.swift; path = tripManagerApp.swift; sourceTree = "<group>"; };
		3F158A182CB0602400FB82F1 /* tripManagerTests.swift */ = {isa = PBXFileReference; lastKnownFileType = sourcecode.swift; path = tripManagerTests.swift; sourceTree = "<group>"; };
		3F158A1B2CB0602800FB82F1 /* tripManagerUITests.swift */ = {isa = PBXFileReference; lastKnownFileType = sourcecode.swift; path = tripManagerUITests.swift; sourceTree = "<group>"; };
		3F158A1C2CB0602800FB82F1 /* tripManagerUITestsLaunchTests.swift */ = {isa = PBXFileReference; lastKnownFileType = sourcecode.swift; path = tripManagerUITestsLaunchTests.swift; sourceTree = "<group>"; };
		3F926EA32CAF2592005C8307 /* tripManager.app */ = {isa = PBXFileReference; explicitFileType = wrapper.application; includeInIndex = 0; path = tripManager.app; sourceTree = BUILT_PRODUCTS_DIR; };
		3F926EB32CAF2593005C8307 /* tripManagerTests.xctest */ = {isa = PBXFileReference; explicitFileType = wrapper.cfbundle; includeInIndex = 0; path = tripManagerTests.xctest; sourceTree = BUILT_PRODUCTS_DIR; };
		3F926EBD2CAF2593005C8307 /* tripManagerUITests.xctest */ = {isa = PBXFileReference; explicitFileType = wrapper.cfbundle; includeInIndex = 0; path = tripManagerUITests.xctest; sourceTree = BUILT_PRODUCTS_DIR; };
/* End PBXFileReference section */

/* Begin PBXFrameworksBuildPhase section */
		3F926EA02CAF2592005C8307 /* Frameworks */ = {
			isa = PBXFrameworksBuildPhase;
			buildActionMask = 2147483647;
			files = (
				3F0A607E2CB0670600327D97 /* RswiftLibrary in Frameworks */,
			);
			runOnlyForDeploymentPostprocessing = 0;
		};
		3F926EB02CAF2593005C8307 /* Frameworks */ = {
			isa = PBXFrameworksBuildPhase;
			buildActionMask = 2147483647;
			files = (
			);
			runOnlyForDeploymentPostprocessing = 0;
		};
		3F926EBA2CAF2593005C8307 /* Frameworks */ = {
			isa = PBXFrameworksBuildPhase;
			buildActionMask = 2147483647;
			files = (
			);
			runOnlyForDeploymentPostprocessing = 0;
		};
/* End PBXFrameworksBuildPhase section */

/* Begin PBXGroup section */
		3F0A60822CB06CD500327D97 /* Helper */ = {
			isa = PBXGroup;
			children = (
				3F0A60852CB06CFA00327D97 /* AppStyle.swift */,
				3F0A608B2CB0711300327D97 /* String+Extension.swift */,
			);
			path = Helper;
			sourceTree = "<group>";
		};
		3F1589FF2CB0601D00FB82F1 /* Preview Content */ = {
			isa = PBXGroup;
			children = (
				3F1589FE2CB0601D00FB82F1 /* Preview Assets.xcassets */,
			);
			path = "Preview Content";
			sourceTree = "<group>";
		};
		3F158A042CB0601D00FB82F1 /* Fonts */ = {
			isa = PBXGroup;
			children = (
				3F158A002CB0601D00FB82F1 /* AvenirNext-Bold.ttf */,
				3F158A012CB0601D00FB82F1 /* AvenirNext-DemiBold.ttf */,
				3F158A022CB0601D00FB82F1 /* AvenirNext-Medium.ttf */,
				3F158A032CB0601D00FB82F1 /* AvenirNext-Regular.ttf */,
			);
			path = Fonts;
			sourceTree = "<group>";
		};
		3F158A072CB0601D00FB82F1 /* Resources */ = {
			isa = PBXGroup;
			children = (
				3F158A082CB0601D00FB82F1 /* Assets.xcassets */,
				3F158A042CB0601D00FB82F1 /* Fonts */,
				3F158A052CB0601D00FB82F1 /* Colors.xcassets */,
				3F158A062CB0601D00FB82F1 /* Localizable.xcstrings */,
			);
			path = Resources;
			sourceTree = "<group>";
		};
		3F158A0C2CB0601D00FB82F1 /* tripManager */ = {
			isa = PBXGroup;
			children = (
				3F0A60822CB06CD500327D97 /* Helper */,
				3F1589FF2CB0601D00FB82F1 /* Preview Content */,
				3F158A072CB0601D00FB82F1 /* Resources */,
				3F158A092CB0601D00FB82F1 /* ContentView.swift */,
				3F158A0A2CB0601D00FB82F1 /* Info.plist */,
				3F158A0B2CB0601D00FB82F1 /* tripManagerApp.swift */,
			);
			path = tripManager;
			sourceTree = "<group>";
		};
		3F158A192CB0602400FB82F1 /* tripManagerTests */ = {
			isa = PBXGroup;
			children = (
				3F158A182CB0602400FB82F1 /* tripManagerTests.swift */,
			);
			path = tripManagerTests;
			sourceTree = "<group>";
		};
		3F158A1D2CB0602800FB82F1 /* tripManagerUITests */ = {
			isa = PBXGroup;
			children = (
				3F158A1B2CB0602800FB82F1 /* tripManagerUITests.swift */,
				3F158A1C2CB0602800FB82F1 /* tripManagerUITestsLaunchTests.swift */,
			);
			path = tripManagerUITests;
			sourceTree = "<group>";
		};
		3F926E9A2CAF2592005C8307 = {
			isa = PBXGroup;
			children = (
				3F158A0C2CB0601D00FB82F1 /* tripManager */,
				3F158A192CB0602400FB82F1 /* tripManagerTests */,
				3F158A1D2CB0602800FB82F1 /* tripManagerUITests */,
				3F926EA42CAF2592005C8307 /* Products */,
			);
			sourceTree = "<group>";
		};
		3F926EA42CAF2592005C8307 /* Products */ = {
			isa = PBXGroup;
			children = (
				3F926EA32CAF2592005C8307 /* tripManager.app */,
				3F926EB32CAF2593005C8307 /* tripManagerTests.xctest */,
				3F926EBD2CAF2593005C8307 /* tripManagerUITests.xctest */,
			);
			name = Products;
			sourceTree = "<group>";
		};
/* End PBXGroup section */

/* Begin PBXNativeTarget section */
		3F926EA22CAF2592005C8307 /* tripManager */ = {
			isa = PBXNativeTarget;
			buildConfigurationList = 3F926EC72CAF2593005C8307 /* Build configuration list for PBXNativeTarget "tripManager" */;
			buildPhases = (
				3F926E9F2CAF2592005C8307 /* Sources */,
				3F926EA02CAF2592005C8307 /* Frameworks */,
				3F926EA12CAF2592005C8307 /* Resources */,
			);
			buildRules = (
			);
			dependencies = (
				3F0A60812CB0671500327D97 /* PBXTargetDependency */,
			);
			name = tripManager;
			packageProductDependencies = (
				3F0A607D2CB0670600327D97 /* RswiftLibrary */,
			);
			productName = tripManager;
			productReference = 3F926EA32CAF2592005C8307 /* tripManager.app */;
			productType = "com.apple.product-type.application";
		};
		3F926EB22CAF2593005C8307 /* tripManagerTests */ = {
			isa = PBXNativeTarget;
			buildConfigurationList = 3F926ECA2CAF2593005C8307 /* Build configuration list for PBXNativeTarget "tripManagerTests" */;
			buildPhases = (
				3F926EAF2CAF2593005C8307 /* Sources */,
				3F926EB02CAF2593005C8307 /* Frameworks */,
				3F926EB12CAF2593005C8307 /* Resources */,
			);
			buildRules = (
			);
			dependencies = (
				3F926EB52CAF2593005C8307 /* PBXTargetDependency */,
			);
			name = tripManagerTests;
			packageProductDependencies = (
			);
			productName = tripManagerTests;
			productReference = 3F926EB32CAF2593005C8307 /* tripManagerTests.xctest */;
			productType = "com.apple.product-type.bundle.unit-test";
		};
		3F926EBC2CAF2593005C8307 /* tripManagerUITests */ = {
			isa = PBXNativeTarget;
			buildConfigurationList = 3F926ECD2CAF2593005C8307 /* Build configuration list for PBXNativeTarget "tripManagerUITests" */;
			buildPhases = (
				3F926EB92CAF2593005C8307 /* Sources */,
				3F926EBA2CAF2593005C8307 /* Frameworks */,
				3F926EBB2CAF2593005C8307 /* Resources */,
			);
			buildRules = (
			);
			dependencies = (
				3F926EBF2CAF2593005C8307 /* PBXTargetDependency */,
			);
			name = tripManagerUITests;
			packageProductDependencies = (
			);
			productName = tripManagerUITests;
			productReference = 3F926EBD2CAF2593005C8307 /* tripManagerUITests.xctest */;
			productType = "com.apple.product-type.bundle.ui-testing";
		};
/* End PBXNativeTarget section */

/* Begin PBXProject section */
		3F926E9B2CAF2592005C8307 /* Project object */ = {
			isa = PBXProject;
			attributes = {
				BuildIndependentTargetsInParallel = 1;
				LastSwiftUpdateCheck = 1600;
				LastUpgradeCheck = 1600;
				TargetAttributes = {
					3F926EA22CAF2592005C8307 = {
						CreatedOnToolsVersion = 16.0;
					};
					3F926EB22CAF2593005C8307 = {
						CreatedOnToolsVersion = 16.0;
						TestTargetID = 3F926EA22CAF2592005C8307;
					};
					3F926EBC2CAF2593005C8307 = {
						CreatedOnToolsVersion = 16.0;
						TestTargetID = 3F926EA22CAF2592005C8307;
					};
				};
			};
			buildConfigurationList = 3F926E9E2CAF2592005C8307 /* Build configuration list for PBXProject "tripManager" */;
			developmentRegion = en;
			hasScannedForEncodings = 0;
			knownRegions = (
				en,
				Base,
				fr,
			);
			mainGroup = 3F926E9A2CAF2592005C8307;
			minimizedProjectReferenceProxies = 1;
			packageReferences = (
				3F0A607C2CB0670600327D97 /* XCRemoteSwiftPackageReference "R" */,
			);
			preferredProjectObjectVersion = 77;
			productRefGroup = 3F926EA42CAF2592005C8307 /* Products */;
			projectDirPath = "";
			projectRoot = "";
			targets = (
				3F926EA22CAF2592005C8307 /* tripManager */,
				3F926EB22CAF2593005C8307 /* tripManagerTests */,
				3F926EBC2CAF2593005C8307 /* tripManagerUITests */,
			);
		};
/* End PBXProject section */

/* Begin PBXResourcesBuildPhase section */
		3F926EA12CAF2592005C8307 /* Resources */ = {
			isa = PBXResourcesBuildPhase;
			buildActionMask = 2147483647;
			files = (
				3F158A0D2CB0601D00FB82F1 /* Preview Assets.xcassets in Resources */,
				3F158A0E2CB0601D00FB82F1 /* AvenirNext-Bold.ttf in Resources */,
				3F158A0F2CB0601D00FB82F1 /* AvenirNext-DemiBold.ttf in Resources */,
				3F158A102CB0601D00FB82F1 /* AvenirNext-Medium.ttf in Resources */,
				3F158A112CB0601D00FB82F1 /* AvenirNext-Regular.ttf in Resources */,
				3F158A122CB0601D00FB82F1 /* Colors.xcassets in Resources */,
				3F158A132CB0601D00FB82F1 /* Localizable.xcstrings in Resources */,
				3F158A142CB0601D00FB82F1 /* Assets.xcassets in Resources */,
			);
			runOnlyForDeploymentPostprocessing = 0;
		};
		3F926EB12CAF2593005C8307 /* Resources */ = {
			isa = PBXResourcesBuildPhase;
			buildActionMask = 2147483647;
			files = (
			);
			runOnlyForDeploymentPostprocessing = 0;
		};
		3F926EBB2CAF2593005C8307 /* Resources */ = {
			isa = PBXResourcesBuildPhase;
			buildActionMask = 2147483647;
			files = (
			);
			runOnlyForDeploymentPostprocessing = 0;
		};
/* End PBXResourcesBuildPhase section */

/* Begin PBXSourcesBuildPhase section */
		3F926E9F2CAF2592005C8307 /* Sources */ = {
			isa = PBXSourcesBuildPhase;
			buildActionMask = 2147483647;
			files = (
				3F0A608C2CB0711300327D97 /* String+Extension.swift in Sources */,
				3F0A60862CB06CFA00327D97 /* AppStyle.swift in Sources */,
				3F158A162CB0601D00FB82F1 /* ContentView.swift in Sources */,
				3F158A172CB0601D00FB82F1 /* tripManagerApp.swift in Sources */,
			);
			runOnlyForDeploymentPostprocessing = 0;
		};
		3F926EAF2CAF2593005C8307 /* Sources */ = {
			isa = PBXSourcesBuildPhase;
			buildActionMask = 2147483647;
			files = (
				3F158A1A2CB0602400FB82F1 /* tripManagerTests.swift in Sources */,
			);
			runOnlyForDeploymentPostprocessing = 0;
		};
		3F926EB92CAF2593005C8307 /* Sources */ = {
			isa = PBXSourcesBuildPhase;
			buildActionMask = 2147483647;
			files = (
				3F158A1E2CB0602800FB82F1 /* tripManagerUITests.swift in Sources */,
				3F158A1F2CB0602800FB82F1 /* tripManagerUITestsLaunchTests.swift in Sources */,
			);
			runOnlyForDeploymentPostprocessing = 0;
		};
/* End PBXSourcesBuildPhase section */

/* Begin PBXTargetDependency section */
		3F0A60812CB0671500327D97 /* PBXTargetDependency */ = {
			isa = PBXTargetDependency;
			productRef = 3F0A60802CB0671500327D97 /* RswiftGenerateInternalResources */;
		};
		3F926EB52CAF2593005C8307 /* PBXTargetDependency */ = {
			isa = PBXTargetDependency;
			target = 3F926EA22CAF2592005C8307 /* tripManager */;
			targetProxy = 3F926EB42CAF2593005C8307 /* PBXContainerItemProxy */;
		};
		3F926EBF2CAF2593005C8307 /* PBXTargetDependency */ = {
			isa = PBXTargetDependency;
			target = 3F926EA22CAF2592005C8307 /* tripManager */;
			targetProxy = 3F926EBE2CAF2593005C8307 /* PBXContainerItemProxy */;
		};
/* End PBXTargetDependency section */

/* Begin XCBuildConfiguration section */
		3F926EC52CAF2593005C8307 /* Debug */ = {
			isa = XCBuildConfiguration;
			buildSettings = {
				ALWAYS_SEARCH_USER_PATHS = NO;
				ASSETCATALOG_COMPILER_GENERATE_SWIFT_ASSET_SYMBOL_EXTENSIONS = YES;
				CLANG_ANALYZER_NONNULL = YES;
				CLANG_ANALYZER_NUMBER_OBJECT_CONVERSION = YES_AGGRESSIVE;
				CLANG_CXX_LANGUAGE_STANDARD = "gnu++20";
				CLANG_ENABLE_MODULES = YES;
				CLANG_ENABLE_OBJC_ARC = YES;
				CLANG_ENABLE_OBJC_WEAK = YES;
				CLANG_WARN_BLOCK_CAPTURE_AUTORELEASING = YES;
				CLANG_WARN_BOOL_CONVERSION = YES;
				CLANG_WARN_COMMA = YES;
				CLANG_WARN_CONSTANT_CONVERSION = YES;
				CLANG_WARN_DEPRECATED_OBJC_IMPLEMENTATIONS = YES;
				CLANG_WARN_DIRECT_OBJC_ISA_USAGE = YES_ERROR;
				CLANG_WARN_DOCUMENTATION_COMMENTS = YES;
				CLANG_WARN_EMPTY_BODY = YES;
				CLANG_WARN_ENUM_CONVERSION = YES;
				CLANG_WARN_INFINITE_RECURSION = YES;
				CLANG_WARN_INT_CONVERSION = YES;
				CLANG_WARN_NON_LITERAL_NULL_CONVERSION = YES;
				CLANG_WARN_OBJC_IMPLICIT_RETAIN_SELF = YES;
				CLANG_WARN_OBJC_LITERAL_CONVERSION = YES;
				CLANG_WARN_OBJC_ROOT_CLASS = YES_ERROR;
				CLANG_WARN_QUOTED_INCLUDE_IN_FRAMEWORK_HEADER = YES;
				CLANG_WARN_RANGE_LOOP_ANALYSIS = YES;
				CLANG_WARN_STRICT_PROTOTYPES = YES;
				CLANG_WARN_SUSPICIOUS_MOVE = YES;
				CLANG_WARN_UNGUARDED_AVAILABILITY = YES_AGGRESSIVE;
				CLANG_WARN_UNREACHABLE_CODE = YES;
				CLANG_WARN__DUPLICATE_METHOD_MATCH = YES;
				COPY_PHASE_STRIP = NO;
				DEBUG_INFORMATION_FORMAT = dwarf;
				ENABLE_STRICT_OBJC_MSGSEND = YES;
				ENABLE_TESTABILITY = YES;
				ENABLE_USER_SCRIPT_SANDBOXING = YES;
				GCC_C_LANGUAGE_STANDARD = gnu17;
				GCC_DYNAMIC_NO_PIC = NO;
				GCC_NO_COMMON_BLOCKS = YES;
				GCC_OPTIMIZATION_LEVEL = 0;
				GCC_PREPROCESSOR_DEFINITIONS = (
					"DEBUG=1",
					"$(inherited)",
				);
				GCC_WARN_64_TO_32_BIT_CONVERSION = YES;
				GCC_WARN_ABOUT_RETURN_TYPE = YES_ERROR;
				GCC_WARN_UNDECLARED_SELECTOR = YES;
				GCC_WARN_UNINITIALIZED_AUTOS = YES_AGGRESSIVE;
				GCC_WARN_UNUSED_FUNCTION = YES;
				GCC_WARN_UNUSED_VARIABLE = YES;
				IPHONEOS_DEPLOYMENT_TARGET = 18.0;
				LOCALIZATION_PREFERS_STRING_CATALOGS = YES;
				MTL_ENABLE_DEBUG_INFO = INCLUDE_SOURCE;
				MTL_FAST_MATH = YES;
				ONLY_ACTIVE_ARCH = YES;
				SDKROOT = iphoneos;
				SWIFT_ACTIVE_COMPILATION_CONDITIONS = "DEBUG $(inherited)";
				SWIFT_EMIT_LOC_STRINGS = YES;
				SWIFT_OPTIMIZATION_LEVEL = "-Onone";
			};
			name = Debug;
		};
		3F926EC62CAF2593005C8307 /* Release */ = {
			isa = XCBuildConfiguration;
			buildSettings = {
				ALWAYS_SEARCH_USER_PATHS = NO;
				ASSETCATALOG_COMPILER_GENERATE_SWIFT_ASSET_SYMBOL_EXTENSIONS = YES;
				CLANG_ANALYZER_NONNULL = YES;
				CLANG_ANALYZER_NUMBER_OBJECT_CONVERSION = YES_AGGRESSIVE;
				CLANG_CXX_LANGUAGE_STANDARD = "gnu++20";
				CLANG_ENABLE_MODULES = YES;
				CLANG_ENABLE_OBJC_ARC = YES;
				CLANG_ENABLE_OBJC_WEAK = YES;
				CLANG_WARN_BLOCK_CAPTURE_AUTORELEASING = YES;
				CLANG_WARN_BOOL_CONVERSION = YES;
				CLANG_WARN_COMMA = YES;
				CLANG_WARN_CONSTANT_CONVERSION = YES;
				CLANG_WARN_DEPRECATED_OBJC_IMPLEMENTATIONS = YES;
				CLANG_WARN_DIRECT_OBJC_ISA_USAGE = YES_ERROR;
				CLANG_WARN_DOCUMENTATION_COMMENTS = YES;
				CLANG_WARN_EMPTY_BODY = YES;
				CLANG_WARN_ENUM_CONVERSION = YES;
				CLANG_WARN_INFINITE_RECURSION = YES;
				CLANG_WARN_INT_CONVERSION = YES;
				CLANG_WARN_NON_LITERAL_NULL_CONVERSION = YES;
				CLANG_WARN_OBJC_IMPLICIT_RETAIN_SELF = YES;
				CLANG_WARN_OBJC_LITERAL_CONVERSION = YES;
				CLANG_WARN_OBJC_ROOT_CLASS = YES_ERROR;
				CLANG_WARN_QUOTED_INCLUDE_IN_FRAMEWORK_HEADER = YES;
				CLANG_WARN_RANGE_LOOP_ANALYSIS = YES;
				CLANG_WARN_STRICT_PROTOTYPES = YES;
				CLANG_WARN_SUSPICIOUS_MOVE = YES;
				CLANG_WARN_UNGUARDED_AVAILABILITY = YES_AGGRESSIVE;
				CLANG_WARN_UNREACHABLE_CODE = YES;
				CLANG_WARN__DUPLICATE_METHOD_MATCH = YES;
				COPY_PHASE_STRIP = NO;
				DEBUG_INFORMATION_FORMAT = "dwarf-with-dsym";
				ENABLE_NS_ASSERTIONS = NO;
				ENABLE_STRICT_OBJC_MSGSEND = YES;
				ENABLE_USER_SCRIPT_SANDBOXING = YES;
				GCC_C_LANGUAGE_STANDARD = gnu17;
				GCC_NO_COMMON_BLOCKS = YES;
				GCC_WARN_64_TO_32_BIT_CONVERSION = YES;
				GCC_WARN_ABOUT_RETURN_TYPE = YES_ERROR;
				GCC_WARN_UNDECLARED_SELECTOR = YES;
				GCC_WARN_UNINITIALIZED_AUTOS = YES_AGGRESSIVE;
				GCC_WARN_UNUSED_FUNCTION = YES;
				GCC_WARN_UNUSED_VARIABLE = YES;
				IPHONEOS_DEPLOYMENT_TARGET = 18.0;
				LOCALIZATION_PREFERS_STRING_CATALOGS = YES;
				MTL_ENABLE_DEBUG_INFO = NO;
				MTL_FAST_MATH = YES;
				SDKROOT = iphoneos;
				SWIFT_COMPILATION_MODE = wholemodule;
				SWIFT_EMIT_LOC_STRINGS = YES;
				VALIDATE_PRODUCT = YES;
			};
			name = Release;
		};
		3F926EC82CAF2593005C8307 /* Debug */ = {
			isa = XCBuildConfiguration;
			buildSettings = {
				ASSETCATALOG_COMPILER_APPICON_NAME = AppIcon;
				ASSETCATALOG_COMPILER_GLOBAL_ACCENT_COLOR_NAME = primaryBlue;
				CODE_SIGN_STYLE = Automatic;
				CURRENT_PROJECT_VERSION = 1;
				DEVELOPMENT_ASSET_PATHS = "\"tripManager/Preview Content\"";
				ENABLE_PREVIEWS = YES;
				GENERATE_INFOPLIST_FILE = YES;
				INFOPLIST_FILE = tripManager/Info.plist;
				INFOPLIST_KEY_CFBundleDisplayName = "Dyma Trip";
				INFOPLIST_KEY_UIApplicationSceneManifest_Generation = YES;
				INFOPLIST_KEY_UIApplicationSupportsIndirectInputEvents = YES;
				INFOPLIST_KEY_UILaunchScreen_Generation = YES;
				INFOPLIST_KEY_UISupportedInterfaceOrientations_iPad = "UIInterfaceOrientationPortrait UIInterfaceOrientationPortraitUpsideDown UIInterfaceOrientationLandscapeLeft UIInterfaceOrientationLandscapeRight";
				INFOPLIST_KEY_UISupportedInterfaceOrientations_iPhone = "UIInterfaceOrientationPortrait UIInterfaceOrientationLandscapeLeft UIInterfaceOrientationLandscapeRight";
				INFOPLIST_KEY_UIUserInterfaceStyle = Light;
				LD_RUNPATH_SEARCH_PATHS = (
					"$(inherited)",
					"@executable_path/Frameworks",
				);
				MARKETING_VERSION = 1.0;
				PRODUCT_BUNDLE_IDENTIFIER = com.tripManager;
				PRODUCT_NAME = "$(TARGET_NAME)";
				SWIFT_EMIT_LOC_STRINGS = YES;
				SWIFT_VERSION = 5.0;
				TARGETED_DEVICE_FAMILY = "1,2";
			};
			name = Debug;
		};
		3F926EC92CAF2593005C8307 /* Release */ = {
			isa = XCBuildConfiguration;
			buildSettings = {
				ASSETCATALOG_COMPILER_APPICON_NAME = AppIcon;
				ASSETCATALOG_COMPILER_GLOBAL_ACCENT_COLOR_NAME = primaryBlue;
				CODE_SIGN_STYLE = Automatic;
				CURRENT_PROJECT_VERSION = 1;
				DEVELOPMENT_ASSET_PATHS = "\"tripManager/Preview Content\"";
				ENABLE_PREVIEWS = YES;
				GENERATE_INFOPLIST_FILE = YES;
				INFOPLIST_FILE = tripManager/Info.plist;
				INFOPLIST_KEY_CFBundleDisplayName = "Dyma Trip";
				INFOPLIST_KEY_UIApplicationSceneManifest_Generation = YES;
				INFOPLIST_KEY_UIApplicationSupportsIndirectInputEvents = YES;
				INFOPLIST_KEY_UILaunchScreen_Generation = YES;
				INFOPLIST_KEY_UISupportedInterfaceOrientations_iPad = "UIInterfaceOrientationPortrait UIInterfaceOrientationPortraitUpsideDown UIInterfaceOrientationLandscapeLeft UIInterfaceOrientationLandscapeRight";
				INFOPLIST_KEY_UISupportedInterfaceOrientations_iPhone = "UIInterfaceOrientationPortrait UIInterfaceOrientationLandscapeLeft UIInterfaceOrientationLandscapeRight";
				INFOPLIST_KEY_UIUserInterfaceStyle = Light;
				LD_RUNPATH_SEARCH_PATHS = (
					"$(inherited)",
					"@executable_path/Frameworks",
				);
				MARKETING_VERSION = 1.0;
				PRODUCT_BUNDLE_IDENTIFIER = com.tripManager;
				PRODUCT_NAME = "$(TARGET_NAME)";
				SWIFT_EMIT_LOC_STRINGS = YES;
				SWIFT_VERSION = 5.0;
				TARGETED_DEVICE_FAMILY = "1,2";
			};
			name = Release;
		};
		3F926ECB2CAF2593005C8307 /* Debug */ = {
			isa = XCBuildConfiguration;
			buildSettings = {
				BUNDLE_LOADER = "$(TEST_HOST)";
				CODE_SIGN_STYLE = Automatic;
				CURRENT_PROJECT_VERSION = 1;
				GENERATE_INFOPLIST_FILE = YES;
				IPHONEOS_DEPLOYMENT_TARGET = 18.0;
				MARKETING_VERSION = 1.0;
				PRODUCT_BUNDLE_IDENTIFIER = com.tripManagerTests;
				PRODUCT_NAME = "$(TARGET_NAME)";
				SWIFT_EMIT_LOC_STRINGS = NO;
				SWIFT_VERSION = 5.0;
				TARGETED_DEVICE_FAMILY = "1,2";
				TEST_HOST = "$(BUILT_PRODUCTS_DIR)/tripManager.app/$(BUNDLE_EXECUTABLE_FOLDER_PATH)/tripManager";
			};
			name = Debug;
		};
		3F926ECC2CAF2593005C8307 /* Release */ = {
			isa = XCBuildConfiguration;
			buildSettings = {
				BUNDLE_LOADER = "$(TEST_HOST)";
				CODE_SIGN_STYLE = Automatic;
				CURRENT_PROJECT_VERSION = 1;
				GENERATE_INFOPLIST_FILE = YES;
				IPHONEOS_DEPLOYMENT_TARGET = 18.0;
				MARKETING_VERSION = 1.0;
				PRODUCT_BUNDLE_IDENTIFIER = com.tripManagerTests;
				PRODUCT_NAME = "$(TARGET_NAME)";
				SWIFT_EMIT_LOC_STRINGS = NO;
				SWIFT_VERSION = 5.0;
				TARGETED_DEVICE_FAMILY = "1,2";
				TEST_HOST = "$(BUILT_PRODUCTS_DIR)/tripManager.app/$(BUNDLE_EXECUTABLE_FOLDER_PATH)/tripManager";
			};
			name = Release;
		};
		3F926ECE2CAF2593005C8307 /* Debug */ = {
			isa = XCBuildConfiguration;
			buildSettings = {
				CODE_SIGN_STYLE = Automatic;
				CURRENT_PROJECT_VERSION = 1;
				GENERATE_INFOPLIST_FILE = YES;
				MARKETING_VERSION = 1.0;
				PRODUCT_BUNDLE_IDENTIFIER = com.tripManagerUITests;
				PRODUCT_NAME = "$(TARGET_NAME)";
				SWIFT_EMIT_LOC_STRINGS = NO;
				SWIFT_VERSION = 5.0;
				TARGETED_DEVICE_FAMILY = "1,2";
				TEST_TARGET_NAME = tripManager;
			};
			name = Debug;
		};
		3F926ECF2CAF2593005C8307 /* Release */ = {
			isa = XCBuildConfiguration;
			buildSettings = {
				CODE_SIGN_STYLE = Automatic;
				CURRENT_PROJECT_VERSION = 1;
				GENERATE_INFOPLIST_FILE = YES;
				MARKETING_VERSION = 1.0;
				PRODUCT_BUNDLE_IDENTIFIER = com.tripManagerUITests;
				PRODUCT_NAME = "$(TARGET_NAME)";
				SWIFT_EMIT_LOC_STRINGS = NO;
				SWIFT_VERSION = 5.0;
				TARGETED_DEVICE_FAMILY = "1,2";
				TEST_TARGET_NAME = tripManager;
			};
			name = Release;
		};
/* End XCBuildConfiguration section */

/* Begin XCConfigurationList section */
		3F926E9E2CAF2592005C8307 /* Build configuration list for PBXProject "tripManager" */ = {
			isa = XCConfigurationList;
			buildConfigurations = (
				3F926EC52CAF2593005C8307 /* Debug */,
				3F926EC62CAF2593005C8307 /* Release */,
			);
			defaultConfigurationIsVisible = 0;
			defaultConfigurationName = Release;
		};
		3F926EC72CAF2593005C8307 /* Build configuration list for PBXNativeTarget "tripManager" */ = {
			isa = XCConfigurationList;
			buildConfigurations = (
				3F926EC82CAF2593005C8307 /* Debug */,
				3F926EC92CAF2593005C8307 /* Release */,
			);
			defaultConfigurationIsVisible = 0;
			defaultConfigurationName = Release;
		};
		3F926ECA2CAF2593005C8307 /* Build configuration list for PBXNativeTarget "tripManagerTests" */ = {
			isa = XCConfigurationList;
			buildConfigurations = (
				3F926ECB2CAF2593005C8307 /* Debug */,
				3F926ECC2CAF2593005C8307 /* Release */,
			);
			defaultConfigurationIsVisible = 0;
			defaultConfigurationName = Release;
		};
		3F926ECD2CAF2593005C8307 /* Build configuration list for PBXNativeTarget "tripManagerUITests" */ = {
			isa = XCConfigurationList;
			buildConfigurations = (
				3F926ECE2CAF2593005C8307 /* Debug */,
				3F926ECF2CAF2593005C8307 /* Release */,
			);
			defaultConfigurationIsVisible = 0;
			defaultConfigurationName = Release;
		};
/* End XCConfigurationList section */

/* Begin XCRemoteSwiftPackageReference section */
		3F0A607C2CB0670600327D97 /* XCRemoteSwiftPackageReference "R" */ = {
			isa = XCRemoteSwiftPackageReference;
			repositoryURL = "https://github.com/fthdgn/R.swift";
			requirement = {
				branch = "xcstrings-7.5.0";
				kind = branch;
			};
		};
/* End XCRemoteSwiftPackageReference section */

/* Begin XCSwiftPackageProductDependency section */
		3F0A607D2CB0670600327D97 /* RswiftLibrary */ = {
			isa = XCSwiftPackageProductDependency;
			package = 3F0A607C2CB0670600327D97 /* XCRemoteSwiftPackageReference "R" */;
			productName = RswiftLibrary;
		};
		3F0A60802CB0671500327D97 /* RswiftGenerateInternalResources */ = {
			isa = XCSwiftPackageProductDependency;
			package = 3F0A607C2CB0670600327D97 /* XCRemoteSwiftPackageReference "R" */;
			productName = "plugin:RswiftGenerateInternalResources";
		};
/* End XCSwiftPackageProductDependency section */
	};
	rootObject = 3F926E9B2CAF2592005C8307 /* Project object */;
}
